
Microsoft Visual Studio Solution File, Format Version 12.00
# Visual Studio Version 17
VisualStudioVersion = 17.5.002.0
MinimumVisualStudioVersion = 10.0.40219.1
Project("{9A19103F-16F7-4668-BE54-9A1E7A4F7556}") = "BlogApi.Application", "BlogApi.Application.csproj", "{A5F8DA8F-2B9D-4FD1-B7A0-09BD3D5FD1E5}"
EndProject
Global
	GlobalSection(SolutionConfigurationPlatforms) = preSolution
		Debug|Any CPU = Debug|Any CPU
		Release|Any CPU = Release|Any CPU
	EndGlobalSection
	GlobalSection(ProjectConfigurationPlatforms) = postSolution
		{A5F8DA8F-2B9D-4FD1-B7A0-09BD3D5FD1E5}.Debug|Any CPU.ActiveCfg = Debug|Any CPU
		{A5F8DA8F-2B9D-4FD1-B7A0-09BD3D5FD1E5}.Debug|Any CPU.Build.0 = Debug|Any CPU
		{A5F8DA8F-2B9D-4FD1-B7A0-09BD3D5FD1E5}.Release|Any CPU.ActiveCfg = Release|Any CPU
		{A5F8DA8F-2B9D-4FD1-B7A0-09BD3D5FD1E5}.Release|Any CPU.Build.0 = Release|Any CPU
	EndGlobalSection
	GlobalSection(SolutionProperties) = preSolution
		HideSolutionNode = FALSE
	EndGlobalSection
	GlobalSection(ExtensibilityGlobals) = postSolution
		SolutionGuid = {BCE0E5E9-D796-4563-B1C8-A808B40D7B58}
	EndGlobalSection
EndGlobal
